
Microsoft Visual Studio Solution File, Format Version 12.00
# Visual Studio Version 16
VisualStudioVersion = 16.0.30621.155
MinimumVisualStudioVersion = 10.0.40219.1
Project("{FAE04EC0-301F-11D3-BF4B-00C04F79EFBC}") = "DayZCleaner", "DayZCleaner.csproj", "{F60BD984-4A0F-47CD-A724-29BBD8FF1724}"
EndProject
Global
	GlobalSection(SolutionConfigurationPlatforms) = preSolution
		Debug|Any CPU = Debug|Any CPU
		Release|Any CPU = Release|Any CPU
	EndGlobalSection
	GlobalSection(ProjectConfigurationPlatforms) = postSolution
		{F60BD984-4A0F-47CD-A724-29BBD8FF1724}.Debug|Any CPU.ActiveCfg = Debug|Any CPU
		{F60BD984-4A0F-47CD-A724-29BBD8FF1724}.Debug|Any CPU.Build.0 = Debug|Any CPU
		{F60BD984-4A0F-47CD-A724-29BBD8FF1724}.Release|Any CPU.ActiveCfg = Release|Any CPU
		{F60BD984-4A0F-47CD-A724-29BBD8FF1724}.Release|Any CPU.Build.0 = Release|Any CPU
	EndGlobalSection
	GlobalSection(SolutionProperties) = preSolution
		HideSolutionNode = FALSE
	EndGlobalSection
	GlobalSection(ExtensibilityGlobals) = postSolution
		SolutionGuid = {0D2CAF2F-B9B0-41A9-9455-F3B0673FFFB0}
	EndGlobalSection
EndGlobal
